
Microsoft Visual Studio Solution File, Format Version 12.00
# Visual Studio Version 17
VisualStudioVersion = 17.7.34221.43
MinimumVisualStudioVersion = 10.0.40219.1
Project("{9A19103F-16F7-4668-BE54-9A1E7A4F7556}") = "StoreClient", "StoreClient\StoreClient.csproj", "{7A234762-C93D-44CC-BA20-46AAE35760B2}"
EndProject
Project("{9A19103F-16F7-4668-BE54-9A1E7A4F7556}") = "StoreServer", "StoreServer\StoreServer.csproj", "{01925261-264C-4011-A359-3D63791874E5}"
EndProject
Global
	GlobalSection(SolutionConfigurationPlatforms) = preSolution
		Debug|Any CPU = Debug|Any CPU
		Release|Any CPU = Release|Any CPU
	EndGlobalSection
	GlobalSection(ProjectConfigurationPlatforms) = postSolution
		{7A234762-C93D-44CC-BA20-46AAE35760B2}.Debug|Any CPU.ActiveCfg = Debug|Any CPU
		{7A234762-C93D-44CC-BA20-46AAE35760B2}.Debug|Any CPU.Build.0 = Debug|Any CPU
		{7A234762-C93D-44CC-BA20-46AAE35760B2}.Release|Any CPU.ActiveCfg = Release|Any CPU
		{7A234762-C93D-44CC-BA20-46AAE35760B2}.Release|Any CPU.Build.0 = Release|Any CPU
		{01925261-264C-4011-A359-3D63791874E5}.Debug|Any CPU.ActiveCfg = Debug|Any CPU
		{01925261-264C-4011-A359-3D63791874E5}.Debug|Any CPU.Build.0 = Debug|Any CPU
		{01925261-264C-4011-A359-3D63791874E5}.Release|Any CPU.ActiveCfg = Release|Any CPU
		{01925261-264C-4011-A359-3D63791874E5}.Release|Any CPU.Build.0 = Release|Any CPU
	EndGlobalSection
	GlobalSection(SolutionProperties) = preSolution
		HideSolutionNode = FALSE
	EndGlobalSection
	GlobalSection(ExtensibilityGlobals) = postSolution
		SolutionGuid = {4C5E96B4-4756-4D3A-93DE-73D69DD90F88}
	EndGlobalSection
EndGlobal
